
Microsoft Visual Studio Solution File, Format Version 12.00
# Visual Studio Version 16
VisualStudioVersion = 16.0.34407.143
MinimumVisualStudioVersion = 10.0.40219.1
Project("{FAE04EC0-301F-11D3-BF4B-00C04F79EFBC}") = "Task2_Configuration", "Task2_Configuration.csproj", "{8128524A-056B-45C3-ACAF-81D9A4C2D311}"
EndProject
Global
	GlobalSection(SolutionConfigurationPlatforms) = preSolution
		Debug|x64 = Debug|x64
		Release|x64 = Release|x64
	EndGlobalSection
	GlobalSection(ProjectConfigurationPlatforms) = postSolution
		{8128524A-056B-45C3-ACAF-81D9A4C2D311}.Debug|x64.ActiveCfg = Debug|x64
		{8128524A-056B-45C3-ACAF-81D9A4C2D311}.Debug|x64.Build.0 = Debug|x64
		{8128524A-056B-45C3-ACAF-81D9A4C2D311}.Release|x64.ActiveCfg = Release|x64
		{8128524A-056B-45C3-ACAF-81D9A4C2D311}.Release|x64.Build.0 = Release|x64
	EndGlobalSection
	GlobalSection(SolutionProperties) = preSolution
		HideSolutionNode = FALSE
	EndGlobalSection
	GlobalSection(ExtensibilityGlobals) = postSolution
		SolutionGuid = {D207768E-6493-432C-9E9E-689C766085D8}
	EndGlobalSection
EndGlobal
